
Microsoft Visual Studio Solution File, Format Version 12.00
# Visual Studio 2012
Project("{FAE04EC0-301F-11D3-BF4B-00C04F79EFBC}") = "Splash.Common", "Common\Splash.Common.csproj", "{A5379F4C-F49B-4EB2-8F7D-0ABDCB95EE5C}"
EndProject
Project("{FAE04EC0-301F-11D3-BF4B-00C04F79EFBC}") = "Splash.Server", "Server\Splash.Server.csproj", "{F4BD004A-6331-4407-9CA6-242C0D306E1E}"
EndProject
Project("{FAE04EC0-301F-11D3-BF4B-00C04F79EFBC}") = "Splash.ServiceRegistry", "ServiceRegistry\Splash.ServiceRegistry.csproj", "{8866C01E-550E-48C3-B14C-1591A1477571}"
EndProject
Project("{FAE04EC0-301F-11D3-BF4B-00C04F79EFBC}") = "Splash.SlaveWorker", "SlaveWorker\Splash.SlaveWorker.csproj", "{34D3DF14-6C29-4267-A51B-4C018A3AD071}"
EndProject
Project("{FAE04EC0-301F-11D3-BF4B-00C04F79EFBC}") = "Splash.MeasurementSensor", "Sensor\Splash.MeasurementSensor.csproj", "{B8F9C9CB-311B-46D9-B948-B9C5A3F36874}"
EndProject
Project("{FAE04EC0-301F-11D3-BF4B-00C04F79EFBC}") = "Splash.ServiceRegistry.Executable", "ServiceRegistry.Executable\Splash.ServiceRegistry.Executable.csproj", "{C099A08D-4A31-4589-8E11-7C35FA62BB9B}"
EndProject
Project("{FAE04EC0-301F-11D3-BF4B-00C04F79EFBC}") = "Splash.RemoteMethodsContract", "McdaMethodsContract\Splash.RemoteMethodsContract.csproj", "{2EFC560D-686D-4F38-BFB8-A4F3ED649927}"
EndProject
Project("{FAE04EC0-301F-11D3-BF4B-00C04F79EFBC}") = "Splash.SlaveWorker.Executable", "SlaveWorker.Executable\Splash.SlaveWorker.Executable.csproj", "{F15CEC6B-8205-4DF4-A44C-8EA16A1B480B}"
EndProject
Project("{FAE04EC0-301F-11D3-BF4B-00C04F79EFBC}") = "Splash.RemoteServiceContract", "RemoteServiceContract\Splash.RemoteServiceContract.csproj", "{4EFF0392-9AAE-40EE-BD70-FB95A0DCA167}"
EndProject
Project("{FAE04EC0-301F-11D3-BF4B-00C04F79EFBC}") = "Splash.ClientCommunicationLayer", "ClientCommunicationLayer\Splash.ClientCommunicationLayer.csproj", "{EF780253-D41B-4A38-BD7B-3616EC1F4731}"
EndProject
Global
	GlobalSection(SolutionConfigurationPlatforms) = preSolution
		Debug|Any CPU = Debug|Any CPU
		Release|Any CPU = Release|Any CPU
	EndGlobalSection
	GlobalSection(ProjectConfigurationPlatforms) = postSolution
		{A5379F4C-F49B-4EB2-8F7D-0ABDCB95EE5C}.Debug|Any CPU.ActiveCfg = Debug|Any CPU
		{A5379F4C-F49B-4EB2-8F7D-0ABDCB95EE5C}.Debug|Any CPU.Build.0 = Debug|Any CPU
		{A5379F4C-F49B-4EB2-8F7D-0ABDCB95EE5C}.Release|Any CPU.ActiveCfg = Release|Any CPU
		{A5379F4C-F49B-4EB2-8F7D-0ABDCB95EE5C}.Release|Any CPU.Build.0 = Release|Any CPU
		{F4BD004A-6331-4407-9CA6-242C0D306E1E}.Debug|Any CPU.ActiveCfg = Debug|Any CPU
		{F4BD004A-6331-4407-9CA6-242C0D306E1E}.Debug|Any CPU.Build.0 = Debug|Any CPU
		{F4BD004A-6331-4407-9CA6-242C0D306E1E}.Release|Any CPU.ActiveCfg = Release|Any CPU
		{F4BD004A-6331-4407-9CA6-242C0D306E1E}.Release|Any CPU.Build.0 = Release|Any CPU
		{8866C01E-550E-48C3-B14C-1591A1477571}.Debug|Any CPU.ActiveCfg = Debug|Any CPU
		{8866C01E-550E-48C3-B14C-1591A1477571}.Debug|Any CPU.Build.0 = Debug|Any CPU
		{8866C01E-550E-48C3-B14C-1591A1477571}.Release|Any CPU.ActiveCfg = Release|Any CPU
		{8866C01E-550E-48C3-B14C-1591A1477571}.Release|Any CPU.Build.0 = Release|Any CPU
		{34D3DF14-6C29-4267-A51B-4C018A3AD071}.Debug|Any CPU.ActiveCfg = Debug|Any CPU
		{34D3DF14-6C29-4267-A51B-4C018A3AD071}.Debug|Any CPU.Build.0 = Debug|Any CPU
		{34D3DF14-6C29-4267-A51B-4C018A3AD071}.Release|Any CPU.ActiveCfg = Release|Any CPU
		{34D3DF14-6C29-4267-A51B-4C018A3AD071}.Release|Any CPU.Build.0 = Release|Any CPU
		{B8F9C9CB-311B-46D9-B948-B9C5A3F36874}.Debug|Any CPU.ActiveCfg = Debug|Any CPU
		{B8F9C9CB-311B-46D9-B948-B9C5A3F36874}.Debug|Any CPU.Build.0 = Debug|Any CPU
		{B8F9C9CB-311B-46D9-B948-B9C5A3F36874}.Release|Any CPU.ActiveCfg = Release|Any CPU
		{B8F9C9CB-311B-46D9-B948-B9C5A3F36874}.Release|Any CPU.Build.0 = Release|Any CPU
		{C099A08D-4A31-4589-8E11-7C35FA62BB9B}.Debug|Any CPU.ActiveCfg = Debug|Any CPU
		{C099A08D-4A31-4589-8E11-7C35FA62BB9B}.Debug|Any CPU.Build.0 = Debug|Any CPU
		{C099A08D-4A31-4589-8E11-7C35FA62BB9B}.Release|Any CPU.ActiveCfg = Release|Any CPU
		{C099A08D-4A31-4589-8E11-7C35FA62BB9B}.Release|Any CPU.Build.0 = Release|Any CPU
		{2EFC560D-686D-4F38-BFB8-A4F3ED649927}.Debug|Any CPU.ActiveCfg = Debug|Any CPU
		{2EFC560D-686D-4F38-BFB8-A4F3ED649927}.Debug|Any CPU.Build.0 = Debug|Any CPU
		{2EFC560D-686D-4F38-BFB8-A4F3ED649927}.Release|Any CPU.ActiveCfg = Release|Any CPU
		{2EFC560D-686D-4F38-BFB8-A4F3ED649927}.Release|Any CPU.Build.0 = Release|Any CPU
		{F15CEC6B-8205-4DF4-A44C-8EA16A1B480B}.Debug|Any CPU.ActiveCfg = Debug|Any CPU
		{F15CEC6B-8205-4DF4-A44C-8EA16A1B480B}.Debug|Any CPU.Build.0 = Debug|Any CPU
		{F15CEC6B-8205-4DF4-A44C-8EA16A1B480B}.Release|Any CPU.ActiveCfg = Release|Any CPU
		{F15CEC6B-8205-4DF4-A44C-8EA16A1B480B}.Release|Any CPU.Build.0 = Release|Any CPU
		{4EFF0392-9AAE-40EE-BD70-FB95A0DCA167}.Debug|Any CPU.ActiveCfg = Debug|Any CPU
		{4EFF0392-9AAE-40EE-BD70-FB95A0DCA167}.Debug|Any CPU.Build.0 = Debug|Any CPU
		{4EFF0392-9AAE-40EE-BD70-FB95A0DCA167}.Release|Any CPU.ActiveCfg = Release|Any CPU
		{4EFF0392-9AAE-40EE-BD70-FB95A0DCA167}.Release|Any CPU.Build.0 = Release|Any CPU
		{EF780253-D41B-4A38-BD7B-3616EC1F4731}.Debug|Any CPU.ActiveCfg = Debug|Any CPU
		{EF780253-D41B-4A38-BD7B-3616EC1F4731}.Debug|Any CPU.Build.0 = Debug|Any CPU
		{EF780253-D41B-4A38-BD7B-3616EC1F4731}.Release|Any CPU.ActiveCfg = Release|Any CPU
		{EF780253-D41B-4A38-BD7B-3616EC1F4731}.Release|Any CPU.Build.0 = Release|Any CPU
	EndGlobalSection
	GlobalSection(SolutionProperties) = preSolution
		HideSolutionNode = FALSE
	EndGlobalSection
EndGlobal
